
Microsoft Visual Studio Solution File, Format Version 12.00
# Visual Studio 15
VisualStudioVersion = 15.0.28307.572
MinimumVisualStudioVersion = 10.0.40219.1
Project("{9A19103F-16F7-4668-BE54-9A1E7A4F7556}") = "RF.Gateway.Api", "..\RF.Gateway.Api\RF.Gateway.Api.csproj", "{33825877-20D7-41A3-8717-B3BD8D964D6B}"
EndProject
Project("{9A19103F-16F7-4668-BE54-9A1E7A4F7556}") = "RF.Identity.Api", "..\RF.Identity.Api\RF.Identity.Api.csproj", "{B60B00A2-DE1A-4EA2-98BD-92F595871C28}"
EndProject
Project("{2150E333-8FDC-42A3-9474-1A3956D46DE8}") = "2. Gateway", "2. Gateway", "{E3C2D836-78EB-41BE-9D32-437A5248C49F}"
EndProject
Project("{2150E333-8FDC-42A3-9474-1A3956D46DE8}") = "4. Contracts", "4. Contracts", "{AC79509D-D9E1-4251-8127-656633A7CA90}"
EndProject
Project("{9A19103F-16F7-4668-BE54-9A1E7A4F7556}") = "RF.Contracts.Api", "..\RF.Contracts.Api\RF.Contracts.Api.csproj", "{0B751FCD-DBD4-44B8-A0A1-CF6D8A3932D5}"
EndProject
Project("{9A19103F-16F7-4668-BE54-9A1E7A4F7556}") = "RF.ContractDeployment.App", "..\RF.ContractDeployment.App\RF.ContractDeployment.App.csproj", "{ACABD2D9-8999-41AD-98F4-E4AA8C127195}"
EndProject
Project("{9A19103F-16F7-4668-BE54-9A1E7A4F7556}") = "RF.Contracts.Domain", "..\RF.Contracts.Domain\RF.Contracts.Domain.csproj", "{DB5FDDFD-CEAF-4F00-BC9D-C4383B455A07}"
EndProject
Project("{2150E333-8FDC-42A3-9474-1A3956D46DE8}") = "3. Shared Libraries", "3. Shared Libraries", "{87B0A11E-440E-4FD8-B9D8-D95A5EF5F287}"
EndProject
Project("{2150E333-8FDC-42A3-9474-1A3956D46DE8}") = "2. Console Apps", "2. Console Apps", "{C3B54BB3-17F8-44AC-B8F4-05082CB699EB}"
EndProject
Project("{2150E333-8FDC-42A3-9474-1A3956D46DE8}") = "1. Microservices", "1. Microservices", "{E3461C86-7B7A-4893-A4E1-5F82A743BE8B}"
EndProject
Project("{2150E333-8FDC-42A3-9474-1A3956D46DE8}") = "2. Console Apps", "2. Console Apps", "{D88B88BD-D83D-400D-98A8-67CB3C355934}"
EndProject
Project("{9A19103F-16F7-4668-BE54-9A1E7A4F7556}") = "RF.Identity.Domain", "..\RF.Identity.Domain\RF.Identity.Domain.csproj", "{BE6099A5-3E5F-46BF-80E9-D94D43AA291E}"
EndProject
Project("{9A19103F-16F7-4668-BE54-9A1E7A4F7556}") = "RF.UserRegistration.App", "..\RF.UserRegistration.App\RF.UserRegistration.App.csproj", "{41D7C881-9EF6-4D77-96C3-15F31527DA9F}"
EndProject
Project("{9A19103F-16F7-4668-BE54-9A1E7A4F7556}") = "RF.Identity.Test.App", "..\RF.Identity.Test.App\RF.Identity.Test.App.csproj", "{260EAE18-A8F7-43E5-8DED-021DFC58EBFC}"
EndProject
Project("{9A19103F-16F7-4668-BE54-9A1E7A4F7556}") = "Microsoft.Identity.Web", "..\Microsoft.Identity.Web\Microsoft.Identity.Web.csproj", "{3A14C6C5-9F92-4AA2-BAE7-A963C256CEAE}"
EndProject
Project("{9A19103F-16F7-4668-BE54-9A1E7A4F7556}") = "RF.Identity.Api.Domain", "..\RF.Identity.Api.Domain\RF.Identity.Api.Domain.csproj", "{94A6A405-52A5-495F-B0F3-794BECA08C37}"
EndProject
Project("{2150E333-8FDC-42A3-9474-1A3956D46DE8}") = "3. Identity", "3. Identity", "{5E73B133-C1EA-439B-933B-B9D08E21263D}"
EndProject
Project("{2150E333-8FDC-42A3-9474-1A3956D46DE8}") = "1. Common", "1. Common", "{C5792900-208B-4153-A269-E0732CA02384}"
EndProject
Project("{2150E333-8FDC-42A3-9474-1A3956D46DE8}") = "1. Microservices", "1. Microservices", "{D4A4DCE7-B830-46FB-BF32-9E5CFD8A600C}"
EndProject
Project("{2150E333-8FDC-42A3-9474-1A3956D46DE8}") = "3. Shared Libraries", "3. Shared Libraries", "{A77F7B1E-47A1-468A-8192-81351A6F05E9}"
EndProject
Project("{9A19103F-16F7-4668-BE54-9A1E7A4F7556}") = "RF.UserRegistration.App.Domain", "..\RF.UserRegistration.App.Domain\RF.UserRegistration.App.Domain.csproj", "{4ABB623C-0964-4CE8-813C-C30D99A3F728}"
EndProject
Project("{2150E333-8FDC-42A3-9474-1A3956D46DE8}") = "1. Libraries", "1. Libraries", "{9FD06104-C36B-4DC7-9A27-9C46A30AD1E3}"
EndProject
Project("{2150E333-8FDC-42A3-9474-1A3956D46DE8}") = "2. Testing", "2. Testing", "{5A2BF9BC-9076-4F84-B703-6083C5CA429A}"
EndProject
Project("{9A19103F-16F7-4668-BE54-9A1E7A4F7556}") = "RF.Contracts.Api.Domain", "..\RF.Contracts.Api.Domain\RF.Contracts.Api.Domain.csproj", "{183313BF-76EF-454D-9C76-4601F40ED358}"
EndProject
Project("{9A19103F-16F7-4668-BE54-9A1E7A4F7556}") = "RF.ContractDeployment.App.Domain", "..\RF.ContractDeployment.App.Domain\RF.ContractDeployment.App.Domain.csproj", "{E2C6CD39-D5D4-491F-827C-01940EEC08D3}"
EndProject
Project("{2150E333-8FDC-42A3-9474-1A3956D46DE8}") = "5. Content Search", "5. Content Search", "{8B823413-4804-48FB-9552-B973631C734E}"
EndProject
Project("{2150E333-8FDC-42A3-9474-1A3956D46DE8}") = "1. Microservices", "1. Microservices", "{52E45AD4-A17D-4A92-B149-82509133DB55}"
EndProject
Project("{2150E333-8FDC-42A3-9474-1A3956D46DE8}") = "2. Console Apps", "2. Console Apps", "{C6B3A012-6F9A-434A-BEB4-CE5DEAD90507}"
EndProject
Project("{2150E333-8FDC-42A3-9474-1A3956D46DE8}") = "3. Shared Libraries", "3. Shared Libraries", "{A785DF89-7F0F-449D-92FE-D4B109D1D0DD}"
EndProject
Project("{9A19103F-16F7-4668-BE54-9A1E7A4F7556}") = "RF.ContentSearch.Api", "..\RF.ContentSearch.Api\RF.ContentSearch.Api.csproj", "{6F147258-FF6A-44EC-ACA1-C8D33E41D236}"
EndProject
Project("{9A19103F-16F7-4668-BE54-9A1E7A4F7556}") = "RF.ContentSearch.Api.Domain", "..\RF.ContentSearch.Api.Domain\RF.ContentSearch.Api.Domain.csproj", "{EB8EB7EE-7566-4A21-A63B-0FFDC0F3D074}"
EndProject
Project("{9A19103F-16F7-4668-BE54-9A1E7A4F7556}") = "RF.ContentSearch.Domain", "..\RF.ContentSearch.Domain\RF.ContentSearch.Domain.csproj", "{3207F5EA-5DD8-4489-ADF7-CBE83F8992C0}"
EndProject
Project("{FAE04EC0-301F-11D3-BF4B-00C04F79EFBC}") = "RF.ContentSearch.App", "RF.ContentSearch.App\RF.ContentSearch.App.csproj", "{C6A6CAB9-2D23-4DB2-AB8D-1BAE9354B5A0}"
EndProject
Global
	GlobalSection(SolutionConfigurationPlatforms) = preSolution
		Debug|Any CPU = Debug|Any CPU
		Release|Any CPU = Release|Any CPU
	EndGlobalSection
	GlobalSection(ProjectConfigurationPlatforms) = postSolution
		{33825877-20D7-41A3-8717-B3BD8D964D6B}.Debug|Any CPU.ActiveCfg = Debug|Any CPU
		{33825877-20D7-41A3-8717-B3BD8D964D6B}.Debug|Any CPU.Build.0 = Debug|Any CPU
		{33825877-20D7-41A3-8717-B3BD8D964D6B}.Release|Any CPU.ActiveCfg = Release|Any CPU
		{33825877-20D7-41A3-8717-B3BD8D964D6B}.Release|Any CPU.Build.0 = Release|Any CPU
		{B60B00A2-DE1A-4EA2-98BD-92F595871C28}.Debug|Any CPU.ActiveCfg = Debug|Any CPU
		{B60B00A2-DE1A-4EA2-98BD-92F595871C28}.Debug|Any CPU.Build.0 = Debug|Any CPU
		{B60B00A2-DE1A-4EA2-98BD-92F595871C28}.Release|Any CPU.ActiveCfg = Release|Any CPU
		{B60B00A2-DE1A-4EA2-98BD-92F595871C28}.Release|Any CPU.Build.0 = Release|Any CPU
		{0B751FCD-DBD4-44B8-A0A1-CF6D8A3932D5}.Debug|Any CPU.ActiveCfg = Debug|Any CPU
		{0B751FCD-DBD4-44B8-A0A1-CF6D8A3932D5}.Debug|Any CPU.Build.0 = Debug|Any CPU
		{0B751FCD-DBD4-44B8-A0A1-CF6D8A3932D5}.Release|Any CPU.ActiveCfg = Release|Any CPU
		{0B751FCD-DBD4-44B8-A0A1-CF6D8A3932D5}.Release|Any CPU.Build.0 = Release|Any CPU
		{ACABD2D9-8999-41AD-98F4-E4AA8C127195}.Debug|Any CPU.ActiveCfg = Debug|Any CPU
		{ACABD2D9-8999-41AD-98F4-E4AA8C127195}.Debug|Any CPU.Build.0 = Debug|Any CPU
		{ACABD2D9-8999-41AD-98F4-E4AA8C127195}.Release|Any CPU.ActiveCfg = Release|Any CPU
		{ACABD2D9-8999-41AD-98F4-E4AA8C127195}.Release|Any CPU.Build.0 = Release|Any CPU
		{DB5FDDFD-CEAF-4F00-BC9D-C4383B455A07}.Debug|Any CPU.ActiveCfg = Debug|Any CPU
		{DB5FDDFD-CEAF-4F00-BC9D-C4383B455A07}.Debug|Any CPU.Build.0 = Debug|Any CPU
		{DB5FDDFD-CEAF-4F00-BC9D-C4383B455A07}.Release|Any CPU.ActiveCfg = Release|Any CPU
		{DB5FDDFD-CEAF-4F00-BC9D-C4383B455A07}.Release|Any CPU.Build.0 = Release|Any CPU
		{BE6099A5-3E5F-46BF-80E9-D94D43AA291E}.Debug|Any CPU.ActiveCfg = Debug|Any CPU
		{BE6099A5-3E5F-46BF-80E9-D94D43AA291E}.Debug|Any CPU.Build.0 = Debug|Any CPU
		{BE6099A5-3E5F-46BF-80E9-D94D43AA291E}.Release|Any CPU.ActiveCfg = Release|Any CPU
		{BE6099A5-3E5F-46BF-80E9-D94D43AA291E}.Release|Any CPU.Build.0 = Release|Any CPU
		{41D7C881-9EF6-4D77-96C3-15F31527DA9F}.Debug|Any CPU.ActiveCfg = Debug|Any CPU
		{41D7C881-9EF6-4D77-96C3-15F31527DA9F}.Debug|Any CPU.Build.0 = Debug|Any CPU
		{41D7C881-9EF6-4D77-96C3-15F31527DA9F}.Release|Any CPU.ActiveCfg = Release|Any CPU
		{41D7C881-9EF6-4D77-96C3-15F31527DA9F}.Release|Any CPU.Build.0 = Release|Any CPU
		{260EAE18-A8F7-43E5-8DED-021DFC58EBFC}.Debug|Any CPU.ActiveCfg = Debug|Any CPU
		{260EAE18-A8F7-43E5-8DED-021DFC58EBFC}.Debug|Any CPU.Build.0 = Debug|Any CPU
		{260EAE18-A8F7-43E5-8DED-021DFC58EBFC}.Release|Any CPU.ActiveCfg = Release|Any CPU
		{260EAE18-A8F7-43E5-8DED-021DFC58EBFC}.Release|Any CPU.Build.0 = Release|Any CPU
		{3A14C6C5-9F92-4AA2-BAE7-A963C256CEAE}.Debug|Any CPU.ActiveCfg = Debug|Any CPU
		{3A14C6C5-9F92-4AA2-BAE7-A963C256CEAE}.Debug|Any CPU.Build.0 = Debug|Any CPU
		{3A14C6C5-9F92-4AA2-BAE7-A963C256CEAE}.Release|Any CPU.ActiveCfg = Release|Any CPU
		{3A14C6C5-9F92-4AA2-BAE7-A963C256CEAE}.Release|Any CPU.Build.0 = Release|Any CPU
		{94A6A405-52A5-495F-B0F3-794BECA08C37}.Debug|Any CPU.ActiveCfg = Debug|Any CPU
		{94A6A405-52A5-495F-B0F3-794BECA08C37}.Debug|Any CPU.Build.0 = Debug|Any CPU
		{94A6A405-52A5-495F-B0F3-794BECA08C37}.Release|Any CPU.ActiveCfg = Release|Any CPU
		{94A6A405-52A5-495F-B0F3-794BECA08C37}.Release|Any CPU.Build.0 = Release|Any CPU
		{4ABB623C-0964-4CE8-813C-C30D99A3F728}.Debug|Any CPU.ActiveCfg = Debug|Any CPU
		{4ABB623C-0964-4CE8-813C-C30D99A3F728}.Debug|Any CPU.Build.0 = Debug|Any CPU
		{4ABB623C-0964-4CE8-813C-C30D99A3F728}.Release|Any CPU.ActiveCfg = Release|Any CPU
		{4ABB623C-0964-4CE8-813C-C30D99A3F728}.Release|Any CPU.Build.0 = Release|Any CPU
		{183313BF-76EF-454D-9C76-4601F40ED358}.Debug|Any CPU.ActiveCfg = Debug|Any CPU
		{183313BF-76EF-454D-9C76-4601F40ED358}.Debug|Any CPU.Build.0 = Debug|Any CPU
		{183313BF-76EF-454D-9C76-4601F40ED358}.Release|Any CPU.ActiveCfg = Release|Any CPU
		{183313BF-76EF-454D-9C76-4601F40ED358}.Release|Any CPU.Build.0 = Release|Any CPU
		{E2C6CD39-D5D4-491F-827C-01940EEC08D3}.Debug|Any CPU.ActiveCfg = Debug|Any CPU
		{E2C6CD39-D5D4-491F-827C-01940EEC08D3}.Debug|Any CPU.Build.0 = Debug|Any CPU
		{E2C6CD39-D5D4-491F-827C-01940EEC08D3}.Release|Any CPU.ActiveCfg = Release|Any CPU
		{E2C6CD39-D5D4-491F-827C-01940EEC08D3}.Release|Any CPU.Build.0 = Release|Any CPU
		{6F147258-FF6A-44EC-ACA1-C8D33E41D236}.Debug|Any CPU.ActiveCfg = Debug|Any CPU
		{6F147258-FF6A-44EC-ACA1-C8D33E41D236}.Debug|Any CPU.Build.0 = Debug|Any CPU
		{6F147258-FF6A-44EC-ACA1-C8D33E41D236}.Release|Any CPU.ActiveCfg = Release|Any CPU
		{6F147258-FF6A-44EC-ACA1-C8D33E41D236}.Release|Any CPU.Build.0 = Release|Any CPU
		{EB8EB7EE-7566-4A21-A63B-0FFDC0F3D074}.Debug|Any CPU.ActiveCfg = Debug|Any CPU
		{EB8EB7EE-7566-4A21-A63B-0FFDC0F3D074}.Debug|Any CPU.Build.0 = Debug|Any CPU
		{EB8EB7EE-7566-4A21-A63B-0FFDC0F3D074}.Release|Any CPU.ActiveCfg = Release|Any CPU
		{EB8EB7EE-7566-4A21-A63B-0FFDC0F3D074}.Release|Any CPU.Build.0 = Release|Any CPU
		{3207F5EA-5DD8-4489-ADF7-CBE83F8992C0}.Debug|Any CPU.ActiveCfg = Debug|Any CPU
		{3207F5EA-5DD8-4489-ADF7-CBE83F8992C0}.Debug|Any CPU.Build.0 = Debug|Any CPU
		{3207F5EA-5DD8-4489-ADF7-CBE83F8992C0}.Release|Any CPU.ActiveCfg = Release|Any CPU
		{3207F5EA-5DD8-4489-ADF7-CBE83F8992C0}.Release|Any CPU.Build.0 = Release|Any CPU
		{C6A6CAB9-2D23-4DB2-AB8D-1BAE9354B5A0}.Debug|Any CPU.ActiveCfg = Debug|Any CPU
		{C6A6CAB9-2D23-4DB2-AB8D-1BAE9354B5A0}.Debug|Any CPU.Build.0 = Debug|Any CPU
		{C6A6CAB9-2D23-4DB2-AB8D-1BAE9354B5A0}.Release|Any CPU.ActiveCfg = Release|Any CPU
		{C6A6CAB9-2D23-4DB2-AB8D-1BAE9354B5A0}.Release|Any CPU.Build.0 = Release|Any CPU
	EndGlobalSection
	GlobalSection(SolutionProperties) = preSolution
		HideSolutionNode = FALSE
	EndGlobalSection
	GlobalSection(NestedProjects) = preSolution
		{33825877-20D7-41A3-8717-B3BD8D964D6B} = {E3C2D836-78EB-41BE-9D32-437A5248C49F}
		{B60B00A2-DE1A-4EA2-98BD-92F595871C28} = {D4A4DCE7-B830-46FB-BF32-9E5CFD8A600C}
		{0B751FCD-DBD4-44B8-A0A1-CF6D8A3932D5} = {E3461C86-7B7A-4893-A4E1-5F82A743BE8B}
		{ACABD2D9-8999-41AD-98F4-E4AA8C127195} = {C3B54BB3-17F8-44AC-B8F4-05082CB699EB}
		{DB5FDDFD-CEAF-4F00-BC9D-C4383B455A07} = {87B0A11E-440E-4FD8-B9D8-D95A5EF5F287}
		{87B0A11E-440E-4FD8-B9D8-D95A5EF5F287} = {AC79509D-D9E1-4251-8127-656633A7CA90}
		{C3B54BB3-17F8-44AC-B8F4-05082CB699EB} = {AC79509D-D9E1-4251-8127-656633A7CA90}
		{E3461C86-7B7A-4893-A4E1-5F82A743BE8B} = {AC79509D-D9E1-4251-8127-656633A7CA90}
		{D88B88BD-D83D-400D-98A8-67CB3C355934} = {5E73B133-C1EA-439B-933B-B9D08E21263D}
		{BE6099A5-3E5F-46BF-80E9-D94D43AA291E} = {A77F7B1E-47A1-468A-8192-81351A6F05E9}
		{41D7C881-9EF6-4D77-96C3-15F31527DA9F} = {D88B88BD-D83D-400D-98A8-67CB3C355934}
		{260EAE18-A8F7-43E5-8DED-021DFC58EBFC} = {5A2BF9BC-9076-4F84-B703-6083C5CA429A}
		{3A14C6C5-9F92-4AA2-BAE7-A963C256CEAE} = {9FD06104-C36B-4DC7-9A27-9C46A30AD1E3}
		{94A6A405-52A5-495F-B0F3-794BECA08C37} = {D4A4DCE7-B830-46FB-BF32-9E5CFD8A600C}
		{D4A4DCE7-B830-46FB-BF32-9E5CFD8A600C} = {5E73B133-C1EA-439B-933B-B9D08E21263D}
		{A77F7B1E-47A1-468A-8192-81351A6F05E9} = {5E73B133-C1EA-439B-933B-B9D08E21263D}
		{4ABB623C-0964-4CE8-813C-C30D99A3F728} = {D88B88BD-D83D-400D-98A8-67CB3C355934}
		{9FD06104-C36B-4DC7-9A27-9C46A30AD1E3} = {C5792900-208B-4153-A269-E0732CA02384}
		{5A2BF9BC-9076-4F84-B703-6083C5CA429A} = {C5792900-208B-4153-A269-E0732CA02384}
		{183313BF-76EF-454D-9C76-4601F40ED358} = {E3461C86-7B7A-4893-A4E1-5F82A743BE8B}
		{E2C6CD39-D5D4-491F-827C-01940EEC08D3} = {C3B54BB3-17F8-44AC-B8F4-05082CB699EB}
		{52E45AD4-A17D-4A92-B149-82509133DB55} = {8B823413-4804-48FB-9552-B973631C734E}
		{C6B3A012-6F9A-434A-BEB4-CE5DEAD90507} = {8B823413-4804-48FB-9552-B973631C734E}
		{A785DF89-7F0F-449D-92FE-D4B109D1D0DD} = {8B823413-4804-48FB-9552-B973631C734E}
		{6F147258-FF6A-44EC-ACA1-C8D33E41D236} = {52E45AD4-A17D-4A92-B149-82509133DB55}
		{EB8EB7EE-7566-4A21-A63B-0FFDC0F3D074} = {52E45AD4-A17D-4A92-B149-82509133DB55}
		{3207F5EA-5DD8-4489-ADF7-CBE83F8992C0} = {A785DF89-7F0F-449D-92FE-D4B109D1D0DD}
		{C6A6CAB9-2D23-4DB2-AB8D-1BAE9354B5A0} = {C6B3A012-6F9A-434A-BEB4-CE5DEAD90507}
	EndGlobalSection
	GlobalSection(ExtensibilityGlobals) = postSolution
		SolutionGuid = {9B59D2B8-7F55-40C7-A064-7341292AF3EE}
	EndGlobalSection
EndGlobal
