
Microsoft Visual Studio Solution File, Format Version 12.00
# Visual Studio Version 16
VisualStudioVersion = 16.0.28721.148
MinimumVisualStudioVersion = 10.0.40219.1
Project("{9A19103F-16F7-4668-BE54-9A1E7A4F7556}") = "BotApp", "BotApp\BotApp.csproj", "{9EB80424-674F-4DB2-AE93-DA9BAABE0134}"
EndProject
Project("{9A19103F-16F7-4668-BE54-9A1E7A4F7556}") = "BotApp.Tests", "BotApp.Tests\BotApp.Tests.csproj", "{8A354603-8F54-4B97-A76C-A425692E3C55}"
EndProject
Project("{9A19103F-16F7-4668-BE54-9A1E7A4F7556}") = "BotApp.Gateway", "BotApp.Gateway\BotApp.Gateway.csproj", "{9665D4D8-61A5-4021-8E13-5600E7B83A4F}"
EndProject
Project("{9A19103F-16F7-4668-BE54-9A1E7A4F7556}") = "BotApp.LUIS.Middleware", "BotApp.LUIS.Middleware\BotApp.LUIS.Middleware.csproj", "{66FD6C8A-8A60-454F-9CE3-6EE624C45F68}"
EndProject
Project("{9A19103F-16F7-4668-BE54-9A1E7A4F7556}") = "BotApp.LUIS.Middleware.Identity", "BotApp.LUIS.Middleware.Identity\BotApp.LUIS.Middleware.Identity.csproj", "{5D073A12-A7C5-40EA-8FF4-951825A4A4A2}"
EndProject
Project("{2150E333-8FDC-42A3-9474-1A3956D46DE8}") = "Bot Application", "Bot Application", "{0CE0A9CE-3AD1-47D8-8D10-20A955C8F45E}"
EndProject
Project("{2150E333-8FDC-42A3-9474-1A3956D46DE8}") = "LUIS Application", "LUIS Application", "{9FFACFA5-762C-4761-A5F9-0D19414ED5E5}"
EndProject
Project("{9A19103F-16F7-4668-BE54-9A1E7A4F7556}") = "BotApp.LUIS.Middleware.Gateway", "BotApp.LUIS.Middleware.Gateway\BotApp.LUIS.Middleware.Gateway.csproj", "{07DF82D6-CCDD-4E1D-9183-0FBE3DCB276E}"
EndProject
Global
	GlobalSection(SolutionConfigurationPlatforms) = preSolution
		Debug|Any CPU = Debug|Any CPU
		Release|Any CPU = Release|Any CPU
	EndGlobalSection
	GlobalSection(ProjectConfigurationPlatforms) = postSolution
		{9EB80424-674F-4DB2-AE93-DA9BAABE0134}.Debug|Any CPU.ActiveCfg = Debug|Any CPU
		{9EB80424-674F-4DB2-AE93-DA9BAABE0134}.Debug|Any CPU.Build.0 = Debug|Any CPU
		{9EB80424-674F-4DB2-AE93-DA9BAABE0134}.Release|Any CPU.ActiveCfg = Release|Any CPU
		{9EB80424-674F-4DB2-AE93-DA9BAABE0134}.Release|Any CPU.Build.0 = Release|Any CPU
		{8A354603-8F54-4B97-A76C-A425692E3C55}.Debug|Any CPU.ActiveCfg = Debug|Any CPU
		{8A354603-8F54-4B97-A76C-A425692E3C55}.Debug|Any CPU.Build.0 = Debug|Any CPU
		{8A354603-8F54-4B97-A76C-A425692E3C55}.Release|Any CPU.ActiveCfg = Release|Any CPU
		{8A354603-8F54-4B97-A76C-A425692E3C55}.Release|Any CPU.Build.0 = Release|Any CPU
		{9665D4D8-61A5-4021-8E13-5600E7B83A4F}.Debug|Any CPU.ActiveCfg = Debug|Any CPU
		{9665D4D8-61A5-4021-8E13-5600E7B83A4F}.Debug|Any CPU.Build.0 = Debug|Any CPU
		{9665D4D8-61A5-4021-8E13-5600E7B83A4F}.Release|Any CPU.ActiveCfg = Release|Any CPU
		{9665D4D8-61A5-4021-8E13-5600E7B83A4F}.Release|Any CPU.Build.0 = Release|Any CPU
		{66FD6C8A-8A60-454F-9CE3-6EE624C45F68}.Debug|Any CPU.ActiveCfg = Debug|Any CPU
		{66FD6C8A-8A60-454F-9CE3-6EE624C45F68}.Debug|Any CPU.Build.0 = Debug|Any CPU
		{66FD6C8A-8A60-454F-9CE3-6EE624C45F68}.Release|Any CPU.ActiveCfg = Release|Any CPU
		{66FD6C8A-8A60-454F-9CE3-6EE624C45F68}.Release|Any CPU.Build.0 = Release|Any CPU
		{5D073A12-A7C5-40EA-8FF4-951825A4A4A2}.Debug|Any CPU.ActiveCfg = Debug|Any CPU
		{5D073A12-A7C5-40EA-8FF4-951825A4A4A2}.Debug|Any CPU.Build.0 = Debug|Any CPU
		{5D073A12-A7C5-40EA-8FF4-951825A4A4A2}.Release|Any CPU.ActiveCfg = Release|Any CPU
		{5D073A12-A7C5-40EA-8FF4-951825A4A4A2}.Release|Any CPU.Build.0 = Release|Any CPU
		{07DF82D6-CCDD-4E1D-9183-0FBE3DCB276E}.Debug|Any CPU.ActiveCfg = Debug|Any CPU
		{07DF82D6-CCDD-4E1D-9183-0FBE3DCB276E}.Debug|Any CPU.Build.0 = Debug|Any CPU
		{07DF82D6-CCDD-4E1D-9183-0FBE3DCB276E}.Release|Any CPU.ActiveCfg = Release|Any CPU
		{07DF82D6-CCDD-4E1D-9183-0FBE3DCB276E}.Release|Any CPU.Build.0 = Release|Any CPU
	EndGlobalSection
	GlobalSection(SolutionProperties) = preSolution
		HideSolutionNode = FALSE
	EndGlobalSection
	GlobalSection(NestedProjects) = preSolution
		{9EB80424-674F-4DB2-AE93-DA9BAABE0134} = {0CE0A9CE-3AD1-47D8-8D10-20A955C8F45E}
		{8A354603-8F54-4B97-A76C-A425692E3C55} = {0CE0A9CE-3AD1-47D8-8D10-20A955C8F45E}
		{9665D4D8-61A5-4021-8E13-5600E7B83A4F} = {0CE0A9CE-3AD1-47D8-8D10-20A955C8F45E}
		{66FD6C8A-8A60-454F-9CE3-6EE624C45F68} = {9FFACFA5-762C-4761-A5F9-0D19414ED5E5}
		{5D073A12-A7C5-40EA-8FF4-951825A4A4A2} = {9FFACFA5-762C-4761-A5F9-0D19414ED5E5}
		{07DF82D6-CCDD-4E1D-9183-0FBE3DCB276E} = {9FFACFA5-762C-4761-A5F9-0D19414ED5E5}
	EndGlobalSection
	GlobalSection(ExtensibilityGlobals) = postSolution
		SolutionGuid = {0247D1E6-F530-4C1F-89C8-801FABD36CC5}
	EndGlobalSection
EndGlobal
