
Microsoft Visual Studio Solution File, Format Version 12.00
# Visual Studio Version 16
VisualStudioVersion = 16.0.28721.148
MinimumVisualStudioVersion = 10.0.40219.1
Project("{9A19103F-16F7-4668-BE54-9A1E7A4F7556}") = "BotApp", "BotApp\BotApp.csproj", "{9EB80424-674F-4DB2-AE93-DA9BAABE0134}"
EndProject
Global
	GlobalSection(SolutionConfigurationPlatforms) = preSolution
		Debug|Any CPU = Debug|Any CPU
		Release|Any CPU = Release|Any CPU
	EndGlobalSection
	GlobalSection(ProjectConfigurationPlatforms) = postSolution
		{9EB80424-674F-4DB2-AE93-DA9BAABE0134}.Debug|Any CPU.ActiveCfg = Debug|Any CPU
		{9EB80424-674F-4DB2-AE93-DA9BAABE0134}.Debug|Any CPU.Build.0 = Debug|Any CPU
		{9EB80424-674F-4DB2-AE93-DA9BAABE0134}.Release|Any CPU.ActiveCfg = Release|Any CPU
		{9EB80424-674F-4DB2-AE93-DA9BAABE0134}.Release|Any CPU.Build.0 = Release|Any CPU
	EndGlobalSection
	GlobalSection(SolutionProperties) = preSolution
		HideSolutionNode = FALSE
	EndGlobalSection
	GlobalSection(ExtensibilityGlobals) = postSolution
		SolutionGuid = {0247D1E6-F530-4C1F-89C8-801FABD36CC5}
	EndGlobalSection
EndGlobal
